
Microsoft Visual Studio Solution File, Format Version 12.00
# Visual Studio Version 16
VisualStudioVersion = 16.0.29709.97
MinimumVisualStudioVersion = 10.0.40219.1
Project("{9A19103F-16F7-4668-BE54-9A1E7A4F7556}") = "Entities", "Entities\Entities.csproj", "{D778F192-FDE7-4FAC-86F9-CBB1F9254225}"
EndProject
Project("{9A19103F-16F7-4668-BE54-9A1E7A4F7556}") = "DataAccess", "DataAccess\DataAccess.csproj", "{CF2CD2C1-F24B-41B7-9B7C-977365984387}"
EndProject
Project("{9A19103F-16F7-4668-BE54-9A1E7A4F7556}") = "Business", "Business\Business.csproj", "{5FF8D7AD-6B2A-4F1F-BCDB-D14E2E5729FE}"
EndProject
Project("{9A19103F-16F7-4668-BE54-9A1E7A4F7556}") = "WebUI", "WebUI\WebUI.csproj", "{C178DBC4-C917-4A01-9AA0-9A5EC2DCFFC8}"
EndProject
Project("{FAE04EC0-301F-11D3-BF4B-00C04F79EFBC}") = "Core", "Core\Core.csproj", "{528F0545-8B68-4EBC-9ECC-ED4ADBC46007}"
EndProject
Global
	GlobalSection(SolutionConfigurationPlatforms) = preSolution
		Debug|Any CPU = Debug|Any CPU
		Release|Any CPU = Release|Any CPU
	EndGlobalSection
	GlobalSection(ProjectConfigurationPlatforms) = postSolution
		{D778F192-FDE7-4FAC-86F9-CBB1F9254225}.Debug|Any CPU.ActiveCfg = Debug|Any CPU
		{D778F192-FDE7-4FAC-86F9-CBB1F9254225}.Debug|Any CPU.Build.0 = Debug|Any CPU
		{D778F192-FDE7-4FAC-86F9-CBB1F9254225}.Release|Any CPU.ActiveCfg = Release|Any CPU
		{D778F192-FDE7-4FAC-86F9-CBB1F9254225}.Release|Any CPU.Build.0 = Release|Any CPU
		{CF2CD2C1-F24B-41B7-9B7C-977365984387}.Debug|Any CPU.ActiveCfg = Debug|Any CPU
		{CF2CD2C1-F24B-41B7-9B7C-977365984387}.Debug|Any CPU.Build.0 = Debug|Any CPU
		{CF2CD2C1-F24B-41B7-9B7C-977365984387}.Release|Any CPU.ActiveCfg = Release|Any CPU
		{CF2CD2C1-F24B-41B7-9B7C-977365984387}.Release|Any CPU.Build.0 = Release|Any CPU
		{5FF8D7AD-6B2A-4F1F-BCDB-D14E2E5729FE}.Debug|Any CPU.ActiveCfg = Debug|Any CPU
		{5FF8D7AD-6B2A-4F1F-BCDB-D14E2E5729FE}.Debug|Any CPU.Build.0 = Debug|Any CPU
		{5FF8D7AD-6B2A-4F1F-BCDB-D14E2E5729FE}.Release|Any CPU.ActiveCfg = Release|Any CPU
		{5FF8D7AD-6B2A-4F1F-BCDB-D14E2E5729FE}.Release|Any CPU.Build.0 = Release|Any CPU
		{C178DBC4-C917-4A01-9AA0-9A5EC2DCFFC8}.Debug|Any CPU.ActiveCfg = Debug|Any CPU
		{C178DBC4-C917-4A01-9AA0-9A5EC2DCFFC8}.Debug|Any CPU.Build.0 = Debug|Any CPU
		{C178DBC4-C917-4A01-9AA0-9A5EC2DCFFC8}.Release|Any CPU.ActiveCfg = Release|Any CPU
		{C178DBC4-C917-4A01-9AA0-9A5EC2DCFFC8}.Release|Any CPU.Build.0 = Release|Any CPU
		{528F0545-8B68-4EBC-9ECC-ED4ADBC46007}.Debug|Any CPU.ActiveCfg = Debug|Any CPU
		{528F0545-8B68-4EBC-9ECC-ED4ADBC46007}.Debug|Any CPU.Build.0 = Debug|Any CPU
		{528F0545-8B68-4EBC-9ECC-ED4ADBC46007}.Release|Any CPU.ActiveCfg = Release|Any CPU
		{528F0545-8B68-4EBC-9ECC-ED4ADBC46007}.Release|Any CPU.Build.0 = Release|Any CPU
	EndGlobalSection
	GlobalSection(SolutionProperties) = preSolution
		HideSolutionNode = FALSE
	EndGlobalSection
	GlobalSection(ExtensibilityGlobals) = postSolution
		SolutionGuid = {0AB8D37A-F5E3-46FF-B610-8F73FC057641}
	EndGlobalSection
EndGlobal
